
Microsoft Visual Studio Solution File, Format Version 12.00
# Visual Studio Version 16
VisualStudioVersion = 16.0.31729.503
MinimumVisualStudioVersion = 10.0.40219.1
Project("{FAE04EC0-301F-11D3-BF4B-00C04F79EFBC}") = "App1.Android", "App1.Android\App1.Android.csproj", "{3BE57DCE-DD15-4949-B848-7D6958A0DDF5}"
EndProject
Project("{9A19103F-16F7-4668-BE54-9A1E7A4F7556}") = "App1", "App1\App1.csproj", "{0A194EA8-F6D2-4F5A-BF9B-7F014E80A31D}"
EndProject
Project("{FAE04EC0-301F-11D3-BF4B-00C04F79EFBC}") = "App1.UITest", "..\App1.UITest\App1.UITest.csproj", "{9F175DA0-856E-4F24-AEAF-14F4E16617E7}"
EndProject
Global
	GlobalSection(SolutionConfigurationPlatforms) = preSolution
		Debug|Any CPU = Debug|Any CPU
		Release|Any CPU = Release|Any CPU
	EndGlobalSection
	GlobalSection(ProjectConfigurationPlatforms) = postSolution
		{3BE57DCE-DD15-4949-B848-7D6958A0DDF5}.Debug|Any CPU.ActiveCfg = Debug|Any CPU
		{3BE57DCE-DD15-4949-B848-7D6958A0DDF5}.Debug|Any CPU.Build.0 = Debug|Any CPU
		{3BE57DCE-DD15-4949-B848-7D6958A0DDF5}.Debug|Any CPU.Deploy.0 = Debug|Any CPU
		{3BE57DCE-DD15-4949-B848-7D6958A0DDF5}.Release|Any CPU.ActiveCfg = Release|Any CPU
		{3BE57DCE-DD15-4949-B848-7D6958A0DDF5}.Release|Any CPU.Build.0 = Release|Any CPU
		{3BE57DCE-DD15-4949-B848-7D6958A0DDF5}.Release|Any CPU.Deploy.0 = Release|Any CPU
		{0A194EA8-F6D2-4F5A-BF9B-7F014E80A31D}.Debug|Any CPU.ActiveCfg = Debug|Any CPU
		{0A194EA8-F6D2-4F5A-BF9B-7F014E80A31D}.Debug|Any CPU.Build.0 = Debug|Any CPU
		{0A194EA8-F6D2-4F5A-BF9B-7F014E80A31D}.Debug|Any CPU.Deploy.0 = Debug|Any CPU
		{0A194EA8-F6D2-4F5A-BF9B-7F014E80A31D}.Release|Any CPU.ActiveCfg = Release|Any CPU
		{0A194EA8-F6D2-4F5A-BF9B-7F014E80A31D}.Release|Any CPU.Build.0 = Release|Any CPU
		{0A194EA8-F6D2-4F5A-BF9B-7F014E80A31D}.Release|Any CPU.Deploy.0 = Release|Any CPU
		{9F175DA0-856E-4F24-AEAF-14F4E16617E7}.Debug|Any CPU.ActiveCfg = Debug|Any CPU
		{9F175DA0-856E-4F24-AEAF-14F4E16617E7}.Debug|Any CPU.Build.0 = Debug|Any CPU
		{9F175DA0-856E-4F24-AEAF-14F4E16617E7}.Release|Any CPU.ActiveCfg = Release|Any CPU
		{9F175DA0-856E-4F24-AEAF-14F4E16617E7}.Release|Any CPU.Build.0 = Release|Any CPU
	EndGlobalSection
	GlobalSection(SolutionProperties) = preSolution
		HideSolutionNode = FALSE
	EndGlobalSection
	GlobalSection(ExtensibilityGlobals) = postSolution
		SolutionGuid = {E3C406E7-DEBD-42AD-ACA9-4FED9AA83FA7}
	EndGlobalSection
EndGlobal
