
Microsoft Visual Studio Solution File, Format Version 12.00
# Visual Studio Version 16
VisualStudioVersion = 16.0.31729.503
MinimumVisualStudioVersion = 10.0.40219.1
Project("{FAE04EC0-301F-11D3-BF4B-00C04F79EFBC}") = "App1.Android", "App1.Android\App1.Android.csproj", "{3BE57DCE-DD15-4949-B848-7D6958A0DDF5}"
EndProject
Project("{FAE04EC0-301F-11D3-BF4B-00C04F79EFBC}") = "App1", "App1\App1.csproj", "{0A194EA8-F6D2-4F5A-BF9B-7F014E80A31D}"
EndProject
Global
	GlobalSection(SolutionConfigurationPlatforms) = preSolution
		Debug|Any CPU = Debug|Any CPU
		Release|Any CPU = Release|Any CPU
	EndGlobalSection
	GlobalSection(ProjectConfigurationPlatforms) = postSolution
		{3BE57DCE-DD15-4949-B848-7D6958A0DDF5}.Debug|Any CPU.ActiveCfg = Debug|Any CPU
		{3BE57DCE-DD15-4949-B848-7D6958A0DDF5}.Debug|Any CPU.Build.0 = Debug|Any CPU
		{3BE57DCE-DD15-4949-B848-7D6958A0DDF5}.Debug|Any CPU.Deploy.0 = Debug|Any CPU
		{3BE57DCE-DD15-4949-B848-7D6958A0DDF5}.Release|Any CPU.ActiveCfg = Release|Any CPU
		{3BE57DCE-DD15-4949-B848-7D6958A0DDF5}.Release|Any CPU.Build.0 = Release|Any CPU
		{3BE57DCE-DD15-4949-B848-7D6958A0DDF5}.Release|Any CPU.Deploy.0 = Release|Any CPU
		{0A194EA8-F6D2-4F5A-BF9B-7F014E80A31D}.Debug|Any CPU.ActiveCfg = Debug|Any CPU
		{0A194EA8-F6D2-4F5A-BF9B-7F014E80A31D}.Debug|Any CPU.Build.0 = Debug|Any CPU
		{0A194EA8-F6D2-4F5A-BF9B-7F014E80A31D}.Debug|Any CPU.Deploy.0 = Debug|Any CPU
		{0A194EA8-F6D2-4F5A-BF9B-7F014E80A31D}.Release|Any CPU.ActiveCfg = Release|Any CPU
		{0A194EA8-F6D2-4F5A-BF9B-7F014E80A31D}.Release|Any CPU.Build.0 = Release|Any CPU
		{0A194EA8-F6D2-4F5A-BF9B-7F014E80A31D}.Release|Any CPU.Deploy.0 = Release|Any CPU
	EndGlobalSection
	GlobalSection(SolutionProperties) = preSolution
		HideSolutionNode = FALSE
	EndGlobalSection
	GlobalSection(ExtensibilityGlobals) = postSolution
		SolutionGuid = {E3C406E7-DEBD-42AD-ACA9-4FED9AA83FA7}
	EndGlobalSection
EndGlobal
